{
  "pins" : [
    {
      "identity" : "soulvercore",
      "kind" : "remoteSourceControl",
      "location" : "https://github.com/soulverteam/SoulverCore",
      "state" : {
        "revision" : "c1b60e306379257222fff013a42c71f428c3afd8",
        "version" : "3.4.0"
      }
    }
  ],
  "version" : 2
}
